<?xml version="1.0" encoding="utf-8"?>
<Project ToolsVersion="4.0" xmlns="http://schemas.microsoft.com/developer/msbuild/2003">
  <ItemGroup>
    <ClCompile Include="GAME09.cpp" />
    <ClCompile Include="SCENE.cpp" />
    <ClCompile Include="GAME_OBJECT.cpp" />
    <ClCompile Include="CONTAINER.cpp" />
    <ClCompile Include="TITLE.cpp" />
    <ClCompile Include="BACKGROUND.cpp" />
    <ClCompile Include="BUTTON.cpp" />
    <ClCompile Include="BUTTON_START.cpp" />
    <ClCompile Include="BUTTON_HELP.cpp" />
    <ClCompile Include="BUTTON_END.cpp" />
    <ClCompile Include="STAGE.cpp" />
    <ClCompile Include="PHYSICS_ENGINE.cpp" />
    <ClCompile Include="BOX.cpp" />
    <ClCompile Include="FRUITS.cpp" />
    <ClCompile Include="CLOUD.cpp" />
    <ClCompile Include="BUBBLE.cpp" />
    <ClCompile Include="NEXT.cpp" />
    <ClCompile Include="SCORE.cpp" />
    <ClCompile Include="DRAW_NUM.cpp" />
    <ClCompile Include="FRUITS_BUBBLE.cpp" />
    <ClCompile Include="FRUITS_BUBBLES.cpp" />
  </ItemGroup>
  <ItemGroup>
    <ClInclude Include="GAME09.h" />
    <ClInclude Include="SCENE.h" />
    <ClInclude Include="GAME_OBJECT.h" />
    <ClInclude Include="CONTAINER.h" />
    <ClInclude Include="TITLE.h" />
    <ClInclude Include="BACKGROUND.h" />
    <ClInclude Include="BUTTON.h" />
    <ClInclude Include="BUTTON_START.h" />
    <ClInclude Include="BUTTON_HELP.h" />
    <ClInclude Include="BUTTON_END.h" />
    <ClInclude Include="STAGE.h" />
    <ClInclude Include="PHYSICS_ENGINE.h" />
    <ClInclude Include="BOX.h" />
    <ClInclude Include="FRUITS.h" />
    <ClInclude Include="CLOUD.h" />
    <ClInclude Include="myFunc.h" />
    <ClInclude Include="BUBBLE.h" />
    <ClInclude Include="NEXT.h" />
    <ClInclude Include="SCORE.h" />
    <ClInclude Include="DRAW_NUM.h" />
    <ClInclude Include="FRUITS_BUBBLE.h" />
    <ClInclude Include="FRUITS_BUBBLES.h" />
  </ItemGroup>
  <ItemGroup>
    <Text Include="..\MAIN\assets\game09\title.txt" />
  </ItemGroup>
</Project>